<?xml version="1.0" encoding="UTF-8"?>
<!DOCTYPE plist PUBLIC "-//Apple//DTD PLIST 1.0//EN" "http://www.apple.com/DTDs/PropertyList-1.0.dtd">
<plist version="1.0">
<dict>
	<key>archiveVersion</key>
	<string>1</string>
	<key>classes</key>
	<dict>
	</dict>
	<key>objectVersion</key>
	<string>46</string>
	<key>objects</key>
	<dict>
		<key>1DD70E29001F47FB00000000</key>
		<dict>
			<key>isa</key>
			<string>PBXFileReference</string>
			<key>name</key>
			<string>BUCK</string>
			<key>path</key>
			<string>BUCK</string>
			<key>sourceTree</key>
			<string>SOURCE_ROOT</string>
			<key>explicitFileType</key>
			<string>text.script.python</string>
		</dict>
		<key>1DD70E2977D40B5200000000</key>
		<dict>
			<key>isa</key>
			<string>PBXFileReference</string>
			<key>name</key>
			<string>BWDeviceInfoTransmitter.h</string>
			<key>path</key>
			<string>BWConnection/BWDeviceInfoTransmitter.h</string>
			<key>sourceTree</key>
			<string>SOURCE_ROOT</string>
			<key>explicitFileType</key>
			<string>sourcecode.c.h</string>
		</dict>
		<key>1DD70E2977D40B5700000000</key>
		<dict>
			<key>isa</key>
			<string>PBXFileReference</string>
			<key>name</key>
			<string>BWDeviceInfoTransmitter.m</string>
			<key>path</key>
			<string>BWConnection/BWDeviceInfoTransmitter.m</string>
			<key>sourceTree</key>
			<string>SOURCE_ROOT</string>
			<key>explicitFileType</key>
			<string>sourcecode.c.objc</string>
		</dict>
		<key>1DD70E29975C241600000000</key>
		<dict>
			<key>isa</key>
			<string>PBXFileReference</string>
			<key>name</key>
			<string>BWImageCache.h</string>
			<key>path</key>
			<string>BWConnection/BWImageCache.h</string>
			<key>sourceTree</key>
			<string>SOURCE_ROOT</string>
			<key>explicitFileType</key>
			<string>sourcecode.c.h</string>
		</dict>
		<key>1DD70E29975C241B00000000</key>
		<dict>
			<key>isa</key>
			<string>PBXFileReference</string>
			<key>name</key>
			<string>BWImageCache.m</string>
			<key>path</key>
			<string>BWConnection/BWImageCache.m</string>
			<key>sourceTree</key>
			<string>SOURCE_ROOT</string>
			<key>explicitFileType</key>
			<string>sourcecode.c.objc</string>
		</dict>
		<key>1DD70E291CEBF97A00000000</key>
		<dict>
			<key>isa</key>
			<string>PBXFileReference</string>
			<key>name</key>
			<string>BWOverlayView.h</string>
			<key>path</key>
			<string>BWConnection/BWOverlayView.h</string>
			<key>sourceTree</key>
			<string>SOURCE_ROOT</string>
			<key>explicitFileType</key>
			<string>sourcecode.c.h</string>
		</dict>
		<key>1DD70E291CEBF97F00000000</key>
		<dict>
			<key>isa</key>
			<string>PBXFileReference</string>
			<key>name</key>
			<string>BWOverlayView.m</string>
			<key>path</key>
			<string>BWConnection/BWOverlayView.m</string>
			<key>sourceTree</key>
			<string>SOURCE_ROOT</string>
			<key>explicitFileType</key>
			<string>sourcecode.c.objc</string>
		</dict>
		<key>1DD70E296A6C5C8E00000000</key>
		<dict>
			<key>isa</key>
			<string>PBXFileReference</string>
			<key>name</key>
			<string>BWPeerTalkAdditions.h</string>
			<key>path</key>
			<string>BWConnection/BWPeerTalkAdditions.h</string>
			<key>sourceTree</key>
			<string>SOURCE_ROOT</string>
			<key>explicitFileType</key>
			<string>sourcecode.c.h</string>
		</dict>
		<key>1DD70E296A6C5C9300000000</key>
		<dict>
			<key>isa</key>
			<string>PBXFileReference</string>
			<key>name</key>
			<string>BWPeerTalkAdditions.m</string>
			<key>path</key>
			<string>BWConnection/BWPeerTalkAdditions.m</string>
			<key>sourceTree</key>
			<string>SOURCE_ROOT</string>
			<key>explicitFileType</key>
			<string>sourcecode.c.objc</string>
		</dict>
		<key>1DD70E295E7DB45000000000</key>
		<dict>
			<key>isa</key>
			<string>PBXFileReference</string>
			<key>name</key>
			<string>BWViewController.h</string>
			<key>path</key>
			<string>BWConnection/BWViewController.h</string>
			<key>sourceTree</key>
			<string>SOURCE_ROOT</string>
			<key>explicitFileType</key>
			<string>sourcecode.c.h</string>
		</dict>
		<key>1DD70E295E7DB45500000000</key>
		<dict>
			<key>isa</key>
			<string>PBXFileReference</string>
			<key>name</key>
			<string>BWViewController.m</string>
			<key>path</key>
			<string>BWConnection/BWViewController.m</string>
			<key>sourceTree</key>
			<string>SOURCE_ROOT</string>
			<key>explicitFileType</key>
			<string>sourcecode.c.objc</string>
		</dict>
		<key>1DD70E29B5582A6400000000</key>
		<dict>
			<key>isa</key>
			<string>PBXFileReference</string>
			<key>name</key>
			<string>FBDeviceProtocol.h</string>
			<key>path</key>
			<string>BWConnection/FBDeviceProtocol.h</string>
			<key>sourceTree</key>
			<string>SOURCE_ROOT</string>
			<key>explicitFileType</key>
			<string>sourcecode.c.h</string>
		</dict>
		<key>B401C979EAB5339800000000</key>
		<dict>
			<key>isa</key>
			<string>PBXGroup</string>
			<key>name</key>
			<string>Sources</string>
			<key>sourceTree</key>
			<string><![CDATA[<group>]]></string>
			<key>children</key>
			<array>
				<string>1DD70E2977D40B5200000000</string>
				<string>1DD70E2977D40B5700000000</string>
				<string>1DD70E29975C241600000000</string>
				<string>1DD70E29975C241B00000000</string>
				<string>1DD70E291CEBF97A00000000</string>
				<string>1DD70E291CEBF97F00000000</string>
				<string>1DD70E296A6C5C8E00000000</string>
				<string>1DD70E296A6C5C9300000000</string>
				<string>1DD70E295E7DB45000000000</string>
				<string>1DD70E295E7DB45500000000</string>
				<string>1DD70E29B5582A6400000000</string>
			</array>
		</dict>
		<key>B401C979DE1BBD1300000000</key>
		<dict>
			<key>isa</key>
			<string>PBXGroup</string>
			<key>name</key>
			<string>BWConnection</string>
			<key>sourceTree</key>
			<string><![CDATA[<group>]]></string>
			<key>children</key>
			<array>
				<string>1DD70E29001F47FB00000000</string>
				<string>B401C979EAB5339800000000</string>
			</array>
		</dict>
		<key>1DD70E29DD87D34200000000</key>
		<dict>
			<key>isa</key>
			<string>PBXFileReference</string>
			<key>name</key>
			<string>BWConnection-Debug.xcconfig</string>
			<key>path</key>
			<string>../../buck-out/gen/Apps/QuartzViewer/BWConnection-Debug.xcconfig</string>
			<key>sourceTree</key>
			<string>SOURCE_ROOT</string>
			<key>explicitFileType</key>
			<string>text.xcconfig</string>
		</dict>
		<key>1DD70E298002A22C00000000</key>
		<dict>
			<key>isa</key>
			<string>PBXFileReference</string>
			<key>name</key>
			<string>BWConnection-Profile.xcconfig</string>
			<key>path</key>
			<string>../../buck-out/gen/Apps/QuartzViewer/BWConnection-Profile.xcconfig</string>
			<key>sourceTree</key>
			<string>SOURCE_ROOT</string>
			<key>explicitFileType</key>
			<string>text.xcconfig</string>
		</dict>
		<key>1DD70E29F3994D8E00000000</key>
		<dict>
			<key>isa</key>
			<string>PBXFileReference</string>
			<key>name</key>
			<string>BWConnection-Release.xcconfig</string>
			<key>path</key>
			<string>../../buck-out/gen/Apps/QuartzViewer/BWConnection-Release.xcconfig</string>
			<key>sourceTree</key>
			<string>SOURCE_ROOT</string>
			<key>explicitFileType</key>
			<string>text.xcconfig</string>
		</dict>
		<key>1DD70E29DF20197900000000</key>
		<dict>
			<key>isa</key>
			<string>PBXFileReference</string>
			<key>name</key>
			<string>Origami-Debug.xcconfig</string>
			<key>path</key>
			<string>../../buck-out/gen/Apps/QuartzViewer/Origami-Debug.xcconfig</string>
			<key>sourceTree</key>
			<string>SOURCE_ROOT</string>
			<key>explicitFileType</key>
			<string>text.xcconfig</string>
		</dict>
		<key>1DD70E297CA236A300000000</key>
		<dict>
			<key>isa</key>
			<string>PBXFileReference</string>
			<key>name</key>
			<string>Origami-Profile.xcconfig</string>
			<key>path</key>
			<string>../../buck-out/gen/Apps/QuartzViewer/Origami-Profile.xcconfig</string>
			<key>sourceTree</key>
			<string>SOURCE_ROOT</string>
			<key>explicitFileType</key>
			<string>text.xcconfig</string>
		</dict>
		<key>1DD70E29F038E20500000000</key>
		<dict>
			<key>isa</key>
			<string>PBXFileReference</string>
			<key>name</key>
			<string>Origami-Release.xcconfig</string>
			<key>path</key>
			<string>../../buck-out/gen/Apps/QuartzViewer/Origami-Release.xcconfig</string>
			<key>sourceTree</key>
			<string>SOURCE_ROOT</string>
			<key>explicitFileType</key>
			<string>text.xcconfig</string>
		</dict>
		<key>B401C9792F7F325000000000</key>
		<dict>
			<key>isa</key>
			<string>PBXGroup</string>
			<key>name</key>
			<string>Buck (Do Not Modify)</string>
			<key>sourceTree</key>
			<string><![CDATA[<group>]]></string>
			<key>children</key>
			<array>
				<string>1DD70E29DD87D34200000000</string>
				<string>1DD70E298002A22C00000000</string>
				<string>1DD70E29F3994D8E00000000</string>
				<string>1DD70E29DF20197900000000</string>
				<string>1DD70E297CA236A300000000</string>
				<string>1DD70E29F038E20500000000</string>
			</array>
		</dict>
		<key>B401C979B781F65D00000000</key>
		<dict>
			<key>isa</key>
			<string>PBXGroup</string>
			<key>name</key>
			<string>Configurations</string>
			<key>sourceTree</key>
			<string><![CDATA[<group>]]></string>
			<key>children</key>
			<array>
				<string>B401C9792F7F325000000000</string>
			</array>
		</dict>
		<key>1DD70E291188565800000000</key>
		<dict>
			<key>isa</key>
			<string>PBXFileReference</string>
			<key>name</key>
			<string>AVFoundation.framework</string>
			<key>path</key>
			<string>System/Library/Frameworks/AVFoundation.framework</string>
			<key>sourceTree</key>
			<string>SDKROOT</string>
			<key>explicitFileType</key>
			<string>wrapper.framework</string>
		</dict>
		<key>1DD70E29F60AE5ED00000000</key>
		<dict>
			<key>isa</key>
			<string>PBXFileReference</string>
			<key>name</key>
			<string>AudioToolbox.framework</string>
			<key>path</key>
			<string>System/Library/Frameworks/AudioToolbox.framework</string>
			<key>sourceTree</key>
			<string>SDKROOT</string>
			<key>explicitFileType</key>
			<string>wrapper.framework</string>
		</dict>
		<key>1DD70E29EC124C2700000000</key>
		<dict>
			<key>isa</key>
			<string>PBXFileReference</string>
			<key>name</key>
			<string>CoreAudio.framework</string>
			<key>path</key>
			<string>System/Library/Frameworks/CoreAudio.framework</string>
			<key>sourceTree</key>
			<string>SDKROOT</string>
			<key>explicitFileType</key>
			<string>wrapper.framework</string>
		</dict>
		<key>1DD70E29A6018C7A00000000</key>
		<dict>
			<key>isa</key>
			<string>PBXFileReference</string>
			<key>name</key>
			<string>CoreGraphics.framework</string>
			<key>path</key>
			<string>System/Library/Frameworks/CoreGraphics.framework</string>
			<key>sourceTree</key>
			<string>SDKROOT</string>
			<key>explicitFileType</key>
			<string>wrapper.framework</string>
		</dict>
		<key>1DD70E290023F76C00000000</key>
		<dict>
			<key>isa</key>
			<string>PBXFileReference</string>
			<key>name</key>
			<string>CoreImage.framework</string>
			<key>path</key>
			<string>System/Library/Frameworks/CoreImage.framework</string>
			<key>sourceTree</key>
			<string>SDKROOT</string>
			<key>explicitFileType</key>
			<string>wrapper.framework</string>
		</dict>
		<key>1DD70E29798263A500000000</key>
		<dict>
			<key>isa</key>
			<string>PBXFileReference</string>
			<key>name</key>
			<string>CoreMotion.framework</string>
			<key>path</key>
			<string>System/Library/Frameworks/CoreMotion.framework</string>
			<key>sourceTree</key>
			<string>SDKROOT</string>
			<key>explicitFileType</key>
			<string>wrapper.framework</string>
		</dict>
		<key>1DD70E29AE317AA300000000</key>
		<dict>
			<key>isa</key>
			<string>PBXFileReference</string>
			<key>name</key>
			<string>Foundation.framework</string>
			<key>path</key>
			<string>System/Library/Frameworks/Foundation.framework</string>
			<key>sourceTree</key>
			<string>SDKROOT</string>
			<key>explicitFileType</key>
			<string>wrapper.framework</string>
		</dict>
		<key>1DD70E29C768371500000000</key>
		<dict>
			<key>isa</key>
			<string>PBXFileReference</string>
			<key>name</key>
			<string>MediaPlayer.framework</string>
			<key>path</key>
			<string>System/Library/Frameworks/MediaPlayer.framework</string>
			<key>sourceTree</key>
			<string>SDKROOT</string>
			<key>explicitFileType</key>
			<string>wrapper.framework</string>
		</dict>
		<key>1DD70E29719A3E0A00000000</key>
		<dict>
			<key>isa</key>
			<string>PBXFileReference</string>
			<key>name</key>
			<string>QuartzCore.framework</string>
			<key>path</key>
			<string>System/Library/Frameworks/QuartzCore.framework</string>
			<key>sourceTree</key>
			<string>SDKROOT</string>
			<key>explicitFileType</key>
			<string>wrapper.framework</string>
		</dict>
		<key>1DD70E29C3B9C6B200000000</key>
		<dict>
			<key>isa</key>
			<string>PBXFileReference</string>
			<key>name</key>
			<string>UIKit.framework</string>
			<key>path</key>
			<string>System/Library/Frameworks/UIKit.framework</string>
			<key>sourceTree</key>
			<string>SDKROOT</string>
			<key>explicitFileType</key>
			<string>wrapper.framework</string>
		</dict>
		<key>1DD70E29B89D200B00000000</key>
		<dict>
			<key>isa</key>
			<string>PBXFileReference</string>
			<key>name</key>
			<string>libBWConnection.a</string>
			<key>path</key>
			<string>libBWConnection.a</string>
			<key>sourceTree</key>
			<string>BUILT_PRODUCTS_DIR</string>
			<key>explicitFileType</key>
			<string>archive.ar</string>
		</dict>
		<key>1DD70E298C1A288C00000000</key>
		<dict>
			<key>isa</key>
			<string>PBXFileReference</string>
			<key>name</key>
			<string>libBreakpad.a</string>
			<key>path</key>
			<string>libBreakpad.a</string>
			<key>sourceTree</key>
			<string>BUILT_PRODUCTS_DIR</string>
			<key>explicitFileType</key>
			<string>archive.ar</string>
		</dict>
		<key>1DD70E29C3B4348000000000</key>
		<dict>
			<key>isa</key>
			<string>PBXFileReference</string>
			<key>name</key>
			<string>libFBDataCompress.a</string>
			<key>path</key>
			<string>libFBDataCompress.a</string>
			<key>sourceTree</key>
			<string>BUILT_PRODUCTS_DIR</string>
			<key>explicitFileType</key>
			<string>archive.ar</string>
		</dict>
		<key>1DD70E2930AEA70F00000000</key>
		<dict>
			<key>isa</key>
			<string>PBXFileReference</string>
			<key>name</key>
			<string>libFBExceptionHandler.a</string>
			<key>path</key>
			<string>libFBExceptionHandler.a</string>
			<key>sourceTree</key>
			<string>BUILT_PRODUCTS_DIR</string>
			<key>explicitFileType</key>
			<string>archive.ar</string>
		</dict>
		<key>1DD70E29974B58AE00000000</key>
		<dict>
			<key>isa</key>
			<string>PBXFileReference</string>
			<key>name</key>
			<string>libFBExceptionHandlerBreakpadCommon.a</string>
			<key>path</key>
			<string>libFBExceptionHandlerBreakpadCommon.a</string>
			<key>sourceTree</key>
			<string>BUILT_PRODUCTS_DIR</string>
			<key>explicitFileType</key>
			<string>archive.ar</string>
		</dict>
		<key>1DD70E29D50A8C4000000000</key>
		<dict>
			<key>isa</key>
			<string>PBXFileReference</string>
			<key>name</key>
			<string>libc++.dylib</string>
			<key>path</key>
			<string>usr/lib/libc++.dylib</string>
			<key>sourceTree</key>
			<string>SDKROOT</string>
			<key>explicitFileType</key>
			<string>compiled.mach-o.dylib</string>
		</dict>
		<key>1DD70E293C49901A00000000</key>
		<dict>
			<key>isa</key>
			<string>PBXFileReference</string>
			<key>name</key>
			<string>libiconv.dylib</string>
			<key>path</key>
			<string>usr/lib/libiconv.dylib</string>
			<key>sourceTree</key>
			<string>SDKROOT</string>
			<key>explicitFileType</key>
			<string>compiled.mach-o.dylib</string>
		</dict>
		<key>1DD70E298CCCA93700000000</key>
		<dict>
			<key>isa</key>
			<string>PBXFileReference</string>
			<key>name</key>
			<string>libicucore.dylib</string>
			<key>path</key>
			<string>usr/lib/libicucore.dylib</string>
			<key>sourceTree</key>
			<string>SDKROOT</string>
			<key>explicitFileType</key>
			<string>compiled.mach-o.dylib</string>
		</dict>
		<key>1DD70E297BAA1FC600000000</key>
		<dict>
			<key>isa</key>
			<string>PBXFileReference</string>
			<key>name</key>
			<string>libpeertalk.a</string>
			<key>path</key>
			<string>libpeertalk.a</string>
			<key>sourceTree</key>
			<string>BUILT_PRODUCTS_DIR</string>
			<key>explicitFileType</key>
			<string>archive.ar</string>
		</dict>
		<key>1DD70E292D31693700000000</key>
		<dict>
			<key>isa</key>
			<string>PBXFileReference</string>
			<key>name</key>
			<string>libz.dylib</string>
			<key>path</key>
			<string>usr/lib/libz.dylib</string>
			<key>sourceTree</key>
			<string>SDKROOT</string>
			<key>explicitFileType</key>
			<string>compiled.mach-o.dylib</string>
		</dict>
		<key>B401C97968022A5500000000</key>
		<dict>
			<key>isa</key>
			<string>PBXGroup</string>
			<key>name</key>
			<string>Frameworks</string>
			<key>sourceTree</key>
			<string><![CDATA[<group>]]></string>
			<key>children</key>
			<array>
				<string>1DD70E291188565800000000</string>
				<string>1DD70E29F60AE5ED00000000</string>
				<string>1DD70E29EC124C2700000000</string>
				<string>1DD70E29A6018C7A00000000</string>
				<string>1DD70E290023F76C00000000</string>
				<string>1DD70E29798263A500000000</string>
				<string>1DD70E29AE317AA300000000</string>
				<string>1DD70E29C768371500000000</string>
				<string>1DD70E29719A3E0A00000000</string>
				<string>1DD70E29C3B9C6B200000000</string>
				<string>1DD70E29B89D200B00000000</string>
				<string>1DD70E298C1A288C00000000</string>
				<string>1DD70E29C3B4348000000000</string>
				<string>1DD70E2930AEA70F00000000</string>
				<string>1DD70E29974B58AE00000000</string>
				<string>1DD70E29D50A8C4000000000</string>
				<string>1DD70E293C49901A00000000</string>
				<string>1DD70E298CCCA93700000000</string>
				<string>1DD70E297BAA1FC600000000</string>
				<string>1DD70E292D31693700000000</string>
			</array>
		</dict>
		<key>1DD70E29001F47FB00000001</key>
		<dict>
			<key>isa</key>
			<string>PBXFileReference</string>
			<key>name</key>
			<string>BUCK</string>
			<key>path</key>
			<string>BUCK</string>
			<key>sourceTree</key>
			<string>SOURCE_ROOT</string>
			<key>explicitFileType</key>
			<string>text.script.python</string>
		</dict>
		<key>1DD70E296366306000000000</key>
		<dict>
			<key>isa</key>
			<string>PBXFileReference</string>
			<key>name</key>
			<string>BWNUXViewController.xib</string>
			<key>path</key>
			<string>Resources/BWNUXViewController.xib</string>
			<key>sourceTree</key>
			<string>SOURCE_ROOT</string>
			<key>lastKnownFileType</key>
			<string>file.xib</string>
		</dict>
		<key>1DD70E2990D8BD5600000000</key>
		<dict>
			<key>isa</key>
			<string>PBXFileReference</string>
			<key>name</key>
			<string>BWViewController_iPad.xib</string>
			<key>path</key>
			<string>Resources/BWViewController_iPad.xib</string>
			<key>sourceTree</key>
			<string>SOURCE_ROOT</string>
			<key>lastKnownFileType</key>
			<string>file.xib</string>
		</dict>
		<key>1DD70E2946BB7CB100000000</key>
		<dict>
			<key>isa</key>
			<string>PBXFileReference</string>
			<key>name</key>
			<string>BWViewController_iPhone.xib</string>
			<key>path</key>
			<string>Resources/BWViewController_iPhone.xib</string>
			<key>sourceTree</key>
			<string>SOURCE_ROOT</string>
			<key>lastKnownFileType</key>
			<string>file.xib</string>
		</dict>
		<key>1DD70E29261176A400000000</key>
		<dict>
			<key>isa</key>
			<string>PBXFileReference</string>
			<key>name</key>
			<string>Default-568h@2x.png</string>
			<key>path</key>
			<string>Resources/Default-568h@2x.png</string>
			<key>sourceTree</key>
			<string>SOURCE_ROOT</string>
			<key>explicitFileType</key>
			<string>image.png</string>
		</dict>
		<key>1DD70E292925AEA200000000</key>
		<dict>
			<key>isa</key>
			<string>PBXFileReference</string>
			<key>name</key>
			<string>Icons.xcassets</string>
			<key>path</key>
			<string>Resources/Icons.xcassets</string>
			<key>sourceTree</key>
			<string>SOURCE_ROOT</string>
			<key>explicitFileType</key>
			<string>folder.assetcatalog</string>
		</dict>
		<key>1DD70E298E96E34200000000</key>
		<dict>
			<key>isa</key>
			<string>PBXFileReference</string>
			<key>name</key>
			<string>LaunchScreen.xib</string>
			<key>path</key>
			<string>Resources/LaunchScreen.xib</string>
			<key>sourceTree</key>
			<string>SOURCE_ROOT</string>
			<key>lastKnownFileType</key>
			<string>file.xib</string>
		</dict>
		<key>1DD70E29677AFAD600000000</key>
		<dict>
			<key>isa</key>
			<string>PBXFileReference</string>
			<key>name</key>
			<string>Logo@2x.png</string>
			<key>path</key>
			<string>Resources/Logo@2x.png</string>
			<key>sourceTree</key>
			<string>SOURCE_ROOT</string>
			<key>explicitFileType</key>
			<string>image.png</string>
		</dict>
		<key>1DD70E29692FD37500000000</key>
		<dict>
			<key>isa</key>
			<string>PBXFileReference</string>
			<key>name</key>
			<string>Logo@3x.png</string>
			<key>path</key>
			<string>Resources/Logo@3x.png</string>
			<key>sourceTree</key>
			<string>SOURCE_ROOT</string>
			<key>explicitFileType</key>
			<string>image.png</string>
		</dict>
		<key>1DD70E2958CB748D00000000</key>
		<dict>
			<key>isa</key>
			<string>PBXFileReference</string>
			<key>name</key>
			<string>Settings.bundle</string>
			<key>path</key>
			<string>Resources/Settings.bundle</string>
			<key>sourceTree</key>
			<string>SOURCE_ROOT</string>
			<key>explicitFileType</key>
			<string>wrapper.cfbundle</string>
		</dict>
		<key>B401C979013EDE0500000000</key>
		<dict>
			<key>isa</key>
			<string>PBXGroup</string>
			<key>name</key>
			<string>Resources</string>
			<key>sourceTree</key>
			<string><![CDATA[<group>]]></string>
			<key>children</key>
			<array>
				<string>1DD70E296366306000000000</string>
				<string>1DD70E2990D8BD5600000000</string>
				<string>1DD70E2946BB7CB100000000</string>
				<string>1DD70E29261176A400000000</string>
				<string>1DD70E292925AEA200000000</string>
				<string>1DD70E298E96E34200000000</string>
				<string>1DD70E29677AFAD600000000</string>
				<string>1DD70E29692FD37500000000</string>
				<string>1DD70E2958CB748D00000000</string>
			</array>
		</dict>
		<key>1DD70E29B131214300000000</key>
		<dict>
			<key>isa</key>
			<string>PBXFileReference</string>
			<key>name</key>
			<string>FBMobileConfigSymbolsForOrigami.cpp</string>
			<key>path</key>
			<string>../../buck-out/gen/Apps/QuartzViewer/Origami-mobileconfig-definition-gen/FBMobileConfigSymbolsForOrigami.cpp</string>
			<key>sourceTree</key>
			<string>SOURCE_ROOT</string>
			<key>explicitFileType</key>
			<string>sourcecode.cpp.cpp</string>
		</dict>
		<key>B401C979CEDF27CE00000000</key>
		<dict>
			<key>isa</key>
			<string>PBXGroup</string>
			<key>name</key>
			<string>Origami-mobileconfig-definition-gen</string>
			<key>path</key>
			<string>../../buck-out/gen/Apps/QuartzViewer/Origami-mobileconfig-definition-gen</string>
			<key>sourceTree</key>
			<string>SOURCE_ROOT</string>
			<key>children</key>
			<array>
				<string>1DD70E29B131214300000000</string>
			</array>
		</dict>
		<key>B401C979F28100AD00000000</key>
		<dict>
			<key>isa</key>
			<string>PBXGroup</string>
			<key>name</key>
			<string>QuartzViewer</string>
			<key>path</key>
			<string>../../buck-out/gen/Apps/QuartzViewer</string>
			<key>sourceTree</key>
			<string>SOURCE_ROOT</string>
			<key>children</key>
			<array>
				<string>B401C979CEDF27CE00000000</string>
			</array>
		</dict>
		<key>B401C979001F3E9200000000</key>
		<dict>
			<key>isa</key>
			<string>PBXGroup</string>
			<key>name</key>
			<string>Apps</string>
			<key>path</key>
			<string>../../buck-out/gen/Apps</string>
			<key>sourceTree</key>
			<string>SOURCE_ROOT</string>
			<key>children</key>
			<array>
				<string>B401C979F28100AD00000000</string>
			</array>
		</dict>
		<key>B401C97900018F5000000000</key>
		<dict>
			<key>isa</key>
			<string>PBXGroup</string>
			<key>name</key>
			<string>gen</string>
			<key>path</key>
			<string>../../buck-out/gen</string>
			<key>sourceTree</key>
			<string>SOURCE_ROOT</string>
			<key>children</key>
			<array>
				<string>B401C979001F3E9200000000</string>
			</array>
		</dict>
		<key>B401C979A055FE7C00000000</key>
		<dict>
			<key>isa</key>
			<string>PBXGroup</string>
			<key>name</key>
			<string>buck-out</string>
			<key>path</key>
			<string>../../buck-out</string>
			<key>sourceTree</key>
			<string>SOURCE_ROOT</string>
			<key>children</key>
			<array>
				<string>B401C97900018F5000000000</string>
			</array>
		</dict>
		<key>B401C979000005C000000001</key>
		<dict>
			<key>isa</key>
			<string>PBXGroup</string>
			<key>name</key>
			<string>..</string>
			<key>path</key>
			<string>../..</string>
			<key>sourceTree</key>
			<string>SOURCE_ROOT</string>
			<key>children</key>
			<array>
				<string>B401C979A055FE7C00000000</string>
			</array>
		</dict>
		<key>B401C979000005C000000000</key>
		<dict>
			<key>isa</key>
			<string>PBXGroup</string>
			<key>name</key>
			<string>..</string>
			<key>path</key>
			<string>..</string>
			<key>sourceTree</key>
			<string>SOURCE_ROOT</string>
			<key>children</key>
			<array>
				<string>B401C979000005C000000001</string>
			</array>
		</dict>
		<key>1DD70E29C7A290EB00000000</key>
		<dict>
			<key>isa</key>
			<string>PBXFileReference</string>
			<key>name</key>
			<string>BWAppDelegate.h</string>
			<key>path</key>
			<string>Origami/BWAppDelegate.h</string>
			<key>sourceTree</key>
			<string>SOURCE_ROOT</string>
			<key>explicitFileType</key>
			<string>sourcecode.c.h</string>
		</dict>
		<key>1DD70E29C7A290F000000000</key>
		<dict>
			<key>isa</key>
			<string>PBXFileReference</string>
			<key>name</key>
			<string>BWAppDelegate.m</string>
			<key>path</key>
			<string>Origami/BWAppDelegate.m</string>
			<key>sourceTree</key>
			<string>SOURCE_ROOT</string>
			<key>explicitFileType</key>
			<string>sourcecode.c.objc</string>
		</dict>
		<key>1DD70E296DCBDE3B00000000</key>
		<dict>
			<key>isa</key>
			<string>PBXFileReference</string>
			<key>name</key>
			<string>BWExceptionHandlerProvider.h</string>
			<key>path</key>
			<string>Origami/BWExceptionHandlerProvider.h</string>
			<key>sourceTree</key>
			<string>SOURCE_ROOT</string>
			<key>explicitFileType</key>
			<string>sourcecode.c.h</string>
		</dict>
		<key>1DD70E296DCBDE4000000000</key>
		<dict>
			<key>isa</key>
			<string>PBXFileReference</string>
			<key>name</key>
			<string>BWExceptionHandlerProvider.m</string>
			<key>path</key>
			<string>Origami/BWExceptionHandlerProvider.m</string>
			<key>sourceTree</key>
			<string>SOURCE_ROOT</string>
			<key>explicitFileType</key>
			<string>sourcecode.c.objc</string>
		</dict>
		<key>1DD70E29E75448F700000000</key>
		<dict>
			<key>isa</key>
			<string>PBXFileReference</string>
			<key>name</key>
			<string>BWNUXViewController.h</string>
			<key>path</key>
			<string>Origami/BWNUXViewController.h</string>
			<key>sourceTree</key>
			<string>SOURCE_ROOT</string>
			<key>explicitFileType</key>
			<string>sourcecode.c.h</string>
		</dict>
		<key>1DD70E29E75448FC00000000</key>
		<dict>
			<key>isa</key>
			<string>PBXFileReference</string>
			<key>name</key>
			<string>BWNUXViewController.m</string>
			<key>path</key>
			<string>Origami/BWNUXViewController.m</string>
			<key>sourceTree</key>
			<string>SOURCE_ROOT</string>
			<key>explicitFileType</key>
			<string>sourcecode.c.objc</string>
		</dict>
		<key>1DD70E29BF88817800000000</key>
		<dict>
			<key>isa</key>
			<string>PBXFileReference</string>
			<key>name</key>
			<string>main.m</string>
			<key>path</key>
			<string>Origami/main.m</string>
			<key>sourceTree</key>
			<string>SOURCE_ROOT</string>
			<key>explicitFileType</key>
			<string>sourcecode.c.objc</string>
		</dict>
		<key>B401C9791B8CAFBC00000001</key>
		<dict>
			<key>isa</key>
			<string>PBXGroup</string>
			<key>name</key>
			<string>Origami</string>
			<key>path</key>
			<string>Origami</string>
			<key>sourceTree</key>
			<string>SOURCE_ROOT</string>
			<key>children</key>
			<array>
				<string>1DD70E29C7A290EB00000000</string>
				<string>1DD70E29C7A290F000000000</string>
				<string>1DD70E296DCBDE3B00000000</string>
				<string>1DD70E296DCBDE4000000000</string>
				<string>1DD70E29E75448F700000000</string>
				<string>1DD70E29E75448FC00000000</string>
				<string>1DD70E29BF88817800000000</string>
			</array>
		</dict>
		<key>1DD70E29DE865E4A00000000</key>
		<dict>
			<key>isa</key>
			<string>PBXFileReference</string>
			<key>name</key>
			<string>Origami-Prefix.pch</string>
			<key>path</key>
			<string>Origami/Origami-Prefix.pch</string>
			<key>sourceTree</key>
			<string><![CDATA[<group>]]></string>
			<key>explicitFileType</key>
			<string>sourcecode.c.h</string>
		</dict>
		<key>1DD70E29BE693A9F00000000</key>
		<dict>
			<key>isa</key>
			<string>PBXFileReference</string>
			<key>name</key>
			<string>Origami-Info.plist</string>
			<key>path</key>
			<string>Origami/Origami-Info.plist</string>
			<key>sourceTree</key>
			<string><![CDATA[<group>]]></string>
			<key>explicitFileType</key>
			<string>text.plist</string>
		</dict>
		<key>B401C979EAB5339800000001</key>
		<dict>
			<key>isa</key>
			<string>PBXGroup</string>
			<key>name</key>
			<string>Sources</string>
			<key>sourceTree</key>
			<string><![CDATA[<group>]]></string>
			<key>children</key>
			<array>
				<string>B401C979000005C000000000</string>
				<string>B401C9791B8CAFBC00000001</string>
				<string>1DD70E29DE865E4A00000000</string>
				<string>1DD70E29BE693A9F00000000</string>
			</array>
		</dict>
		<key>B401C9791B8CAFBC00000000</key>
		<dict>
			<key>isa</key>
			<string>PBXGroup</string>
			<key>name</key>
			<string>Origami</string>
			<key>sourceTree</key>
			<string><![CDATA[<group>]]></string>
			<key>children</key>
			<array>
				<string>1DD70E29001F47FB00000001</string>
				<string>B401C979013EDE0500000000</string>
				<string>B401C979EAB5339800000001</string>
			</array>
		</dict>
		<key>1DD70E29220CD4EF00000000</key>
		<dict>
			<key>isa</key>
			<string>PBXFileReference</string>
			<key>name</key>
			<string>Origami.app</string>
			<key>path</key>
			<string>Origami.app</string>
			<key>sourceTree</key>
			<string>BUILT_PRODUCTS_DIR</string>
			<key>explicitFileType</key>
			<string>wrapper.application</string>
		</dict>
		<key>1DD70E29B89D200B00000001</key>
		<dict>
			<key>isa</key>
			<string>PBXFileReference</string>
			<key>name</key>
			<string>libBWConnection.a</string>
			<key>path</key>
			<string>libBWConnection.a</string>
			<key>sourceTree</key>
			<string>BUILT_PRODUCTS_DIR</string>
			<key>explicitFileType</key>
			<string>archive.ar</string>
		</dict>
		<key>B401C979C806358400000000</key>
		<dict>
			<key>isa</key>
			<string>PBXGroup</string>
			<key>name</key>
			<string>Products</string>
			<key>sourceTree</key>
			<string><![CDATA[<group>]]></string>
			<key>children</key>
			<array>
				<string>1DD70E29220CD4EF00000000</string>
				<string>1DD70E29B89D200B00000001</string>
			</array>
		</dict>
		<key>B401C979EFB6AC4600000000</key>
		<dict>
			<key>isa</key>
			<string>PBXGroup</string>
			<key>name</key>
			<string>mainGroup</string>
			<key>sourceTree</key>
			<string><![CDATA[<group>]]></string>
			<key>children</key>
			<array>
				<string>B401C979DE1BBD1300000000</string>
				<string>B401C979B781F65D00000000</string>
				<string>B401C97968022A5500000000</string>
				<string>B401C9791B8CAFBC00000000</string>
				<string>B401C979C806358400000000</string>
			</array>
		</dict>
		<key>E7A30F0477D40B5700000000</key>
		<dict>
			<key>isa</key>
			<string>PBXBuildFile</string>
			<key>fileRef</key>
			<string>1DD70E2977D40B5700000000</string>
		</dict>
		<key>E7A30F04975C241B00000000</key>
		<dict>
			<key>isa</key>
			<string>PBXBuildFile</string>
			<key>fileRef</key>
			<string>1DD70E29975C241B00000000</string>
		</dict>
		<key>E7A30F041CEBF97F00000000</key>
		<dict>
			<key>isa</key>
			<string>PBXBuildFile</string>
			<key>fileRef</key>
			<string>1DD70E291CEBF97F00000000</string>
		</dict>
		<key>E7A30F046A6C5C9300000000</key>
		<dict>
			<key>isa</key>
			<string>PBXBuildFile</string>
			<key>fileRef</key>
			<string>1DD70E296A6C5C9300000000</string>
		</dict>
		<key>E7A30F045E7DB45500000000</key>
		<dict>
			<key>isa</key>
			<string>PBXBuildFile</string>
			<key>fileRef</key>
			<string>1DD70E295E7DB45500000000</string>
		</dict>
		<key>1870857F0000000000000000</key>
		<dict>
			<key>isa</key>
			<string>PBXSourcesBuildPhase</string>
			<key>files</key>
			<array>
				<string>E7A30F0477D40B5700000000</string>
				<string>E7A30F04975C241B00000000</string>
				<string>E7A30F041CEBF97F00000000</string>
				<string>E7A30F046A6C5C9300000000</string>
				<string>E7A30F045E7DB45500000000</string>
			</array>
		</dict>
		<key>4952437303EDA63300000000</key>
		<dict>
			<key>isa</key>
			<string>XCBuildConfiguration</string>
			<key>name</key>
			<string>Debug</string>
			<key>buildSettings</key>
			<dict>
			</dict>
			<key>baseConfigurationReference</key>
			<string>1DD70E29DD87D34200000000</string>
		</dict>
		<key>4952437350C7218900000000</key>
		<dict>
			<key>isa</key>
			<string>XCBuildConfiguration</string>
			<key>name</key>
			<string>Profile</string>
			<key>buildSettings</key>
			<dict>
			</dict>
			<key>baseConfigurationReference</key>
			<string>1DD70E298002A22C00000000</string>
		</dict>
		<key>49524373A439BFE700000000</key>
		<dict>
			<key>isa</key>
			<string>XCBuildConfiguration</string>
			<key>name</key>
			<string>Release</string>
			<key>buildSettings</key>
			<dict>
			</dict>
			<key>baseConfigurationReference</key>
			<string>1DD70E29F3994D8E00000000</string>
		</dict>
		<key>218C37090000000000000000</key>
		<dict>
			<key>isa</key>
			<string>XCConfigurationList</string>
			<key>buildConfigurations</key>
			<array>
				<string>4952437303EDA63300000000</string>
				<string>4952437350C7218900000000</string>
				<string>49524373A439BFE700000000</string>
			</array>
			<key>defaultConfigurationIsVisible</key>
			<false/>
		</dict>
		<key>E66DC04EDE1BBD1300000000</key>
		<dict>
			<key>isa</key>
			<string>PBXNativeTarget</string>
			<key>name</key>
			<string>BWConnection</string>
			<key>productName</key>
			<string>BWConnection</string>
			<key>productReference</key>
			<string>1DD70E29B89D200B00000001</string>
			<key>productType</key>
			<string>com.apple.product-type.library.static</string>
			<key>dependencies</key>
			<array>
			</array>
			<key>buildPhases</key>
			<array>
				<string>1870857F0000000000000000</string>
			</array>
			<key>buildConfigurationList</key>
			<string>218C37090000000000000000</string>
		</dict>
		<key>E7A30F04B131214300000000</key>
		<dict>
			<key>isa</key>
			<string>PBXBuildFile</string>
			<key>fileRef</key>
			<string>1DD70E29B131214300000000</string>
		</dict>
		<key>E7A30F04C7A290F000000000</key>
		<dict>
			<key>isa</key>
			<string>PBXBuildFile</string>
			<key>fileRef</key>
			<string>1DD70E29C7A290F000000000</string>
		</dict>
		<key>E7A30F046DCBDE4000000000</key>
		<dict>
			<key>isa</key>
			<string>PBXBuildFile</string>
			<key>fileRef</key>
			<string>1DD70E296DCBDE4000000000</string>
		</dict>
		<key>E7A30F04E75448FC00000000</key>
		<dict>
			<key>isa</key>
			<string>PBXBuildFile</string>
			<key>fileRef</key>
			<string>1DD70E29E75448FC00000000</string>
		</dict>
		<key>E7A30F04BF88817800000000</key>
		<dict>
			<key>isa</key>
			<string>PBXBuildFile</string>
			<key>fileRef</key>
			<string>1DD70E29BF88817800000000</string>
		</dict>
		<key>1870857F0000000000000001</key>
		<dict>
			<key>isa</key>
			<string>PBXSourcesBuildPhase</string>
			<key>files</key>
			<array>
				<string>E7A30F04B131214300000000</string>
				<string>E7A30F04C7A290F000000000</string>
				<string>E7A30F046DCBDE4000000000</string>
				<string>E7A30F04E75448FC00000000</string>
				<string>E7A30F04BF88817800000000</string>
			</array>
		</dict>
		<key>E7A30F04C3B9C6B200000000</key>
		<dict>
			<key>isa</key>
			<string>PBXBuildFile</string>
			<key>fileRef</key>
			<string>1DD70E29C3B9C6B200000000</string>
		</dict>
		<key>E7A30F04D50A8C4000000000</key>
		<dict>
			<key>isa</key>
			<string>PBXBuildFile</string>
			<key>fileRef</key>
			<string>1DD70E29D50A8C4000000000</string>
		</dict>
		<key>E7A30F04AE317AA300000000</key>
		<dict>
			<key>isa</key>
			<string>PBXBuildFile</string>
			<key>fileRef</key>
			<string>1DD70E29AE317AA300000000</string>
		</dict>
		<key>E7A30F041188565800000000</key>
		<dict>
			<key>isa</key>
			<string>PBXBuildFile</string>
			<key>fileRef</key>
			<string>1DD70E291188565800000000</string>
		</dict>
		<key>E7A30F04F60AE5ED00000000</key>
		<dict>
			<key>isa</key>
			<string>PBXBuildFile</string>
			<key>fileRef</key>
			<string>1DD70E29F60AE5ED00000000</string>
		</dict>
		<key>E7A30F04EC124C2700000000</key>
		<dict>
			<key>isa</key>
			<string>PBXBuildFile</string>
			<key>fileRef</key>
			<string>1DD70E29EC124C2700000000</string>
		</dict>
		<key>E7A30F04A6018C7A00000000</key>
		<dict>
			<key>isa</key>
			<string>PBXBuildFile</string>
			<key>fileRef</key>
			<string>1DD70E29A6018C7A00000000</string>
		</dict>
		<key>E7A30F040023F76C00000000</key>
		<dict>
			<key>isa</key>
			<string>PBXBuildFile</string>
			<key>fileRef</key>
			<string>1DD70E290023F76C00000000</string>
		</dict>
		<key>E7A30F04798263A500000000</key>
		<dict>
			<key>isa</key>
			<string>PBXBuildFile</string>
			<key>fileRef</key>
			<string>1DD70E29798263A500000000</string>
		</dict>
		<key>E7A30F04C768371500000000</key>
		<dict>
			<key>isa</key>
			<string>PBXBuildFile</string>
			<key>fileRef</key>
			<string>1DD70E29C768371500000000</string>
		</dict>
		<key>E7A30F04719A3E0A00000000</key>
		<dict>
			<key>isa</key>
			<string>PBXBuildFile</string>
			<key>fileRef</key>
			<string>1DD70E29719A3E0A00000000</string>
		</dict>
		<key>E7A30F042D31693700000000</key>
		<dict>
			<key>isa</key>
			<string>PBXBuildFile</string>
			<key>fileRef</key>
			<string>1DD70E292D31693700000000</string>
		</dict>
		<key>E7A30F043C49901A00000000</key>
		<dict>
			<key>isa</key>
			<string>PBXBuildFile</string>
			<key>fileRef</key>
			<string>1DD70E293C49901A00000000</string>
		</dict>
		<key>E7A30F048CCCA93700000000</key>
		<dict>
			<key>isa</key>
			<string>PBXBuildFile</string>
			<key>fileRef</key>
			<string>1DD70E298CCCA93700000000</string>
		</dict>
		<key>E7A30F047BAA1FC600000000</key>
		<dict>
			<key>isa</key>
			<string>PBXBuildFile</string>
			<key>fileRef</key>
			<string>1DD70E297BAA1FC600000000</string>
		</dict>
		<key>E7A30F04B89D200B00000000</key>
		<dict>
			<key>isa</key>
			<string>PBXBuildFile</string>
			<key>fileRef</key>
			<string>1DD70E29B89D200B00000000</string>
		</dict>
		<key>E7A30F04C3B4348000000000</key>
		<dict>
			<key>isa</key>
			<string>PBXBuildFile</string>
			<key>fileRef</key>
			<string>1DD70E29C3B4348000000000</string>
		</dict>
		<key>E7A30F04974B58AE00000000</key>
		<dict>
			<key>isa</key>
			<string>PBXBuildFile</string>
			<key>fileRef</key>
			<string>1DD70E29974B58AE00000000</string>
		</dict>
		<key>E7A30F048C1A288C00000000</key>
		<dict>
			<key>isa</key>
			<string>PBXBuildFile</string>
			<key>fileRef</key>
			<string>1DD70E298C1A288C00000000</string>
		</dict>
		<key>E7A30F0430AEA70F00000000</key>
		<dict>
			<key>isa</key>
			<string>PBXBuildFile</string>
			<key>fileRef</key>
			<string>1DD70E2930AEA70F00000000</string>
		</dict>
		<key>4F426D880000000000000000</key>
		<dict>
			<key>isa</key>
			<string>PBXFrameworksBuildPhase</string>
			<key>files</key>
			<array>
				<string>E7A30F04C3B9C6B200000000</string>
				<string>E7A30F04D50A8C4000000000</string>
				<string>E7A30F04AE317AA300000000</string>
				<string>E7A30F041188565800000000</string>
				<string>E7A30F04F60AE5ED00000000</string>
				<string>E7A30F04EC124C2700000000</string>
				<string>E7A30F04A6018C7A00000000</string>
				<string>E7A30F040023F76C00000000</string>
				<string>E7A30F04798263A500000000</string>
				<string>E7A30F04C768371500000000</string>
				<string>E7A30F04719A3E0A00000000</string>
				<string>E7A30F042D31693700000000</string>
				<string>E7A30F043C49901A00000000</string>
				<string>E7A30F048CCCA93700000000</string>
				<string>E7A30F047BAA1FC600000000</string>
				<string>E7A30F04B89D200B00000000</string>
				<string>E7A30F04C3B4348000000000</string>
				<string>E7A30F04974B58AE00000000</string>
				<string>E7A30F048C1A288C00000000</string>
				<string>E7A30F0430AEA70F00000000</string>
			</array>
		</dict>
		<key>E7A30F046366306000000000</key>
		<dict>
			<key>isa</key>
			<string>PBXBuildFile</string>
			<key>fileRef</key>
			<string>1DD70E296366306000000000</string>
		</dict>
		<key>E7A30F0490D8BD5600000000</key>
		<dict>
			<key>isa</key>
			<string>PBXBuildFile</string>
			<key>fileRef</key>
			<string>1DD70E2990D8BD5600000000</string>
		</dict>
		<key>E7A30F0446BB7CB100000000</key>
		<dict>
			<key>isa</key>
			<string>PBXBuildFile</string>
			<key>fileRef</key>
			<string>1DD70E2946BB7CB100000000</string>
		</dict>
		<key>E7A30F04261176A400000000</key>
		<dict>
			<key>isa</key>
			<string>PBXBuildFile</string>
			<key>fileRef</key>
			<string>1DD70E29261176A400000000</string>
		</dict>
		<key>E7A30F048E96E34200000000</key>
		<dict>
			<key>isa</key>
			<string>PBXBuildFile</string>
			<key>fileRef</key>
			<string>1DD70E298E96E34200000000</string>
		</dict>
		<key>E7A30F04677AFAD600000000</key>
		<dict>
			<key>isa</key>
			<string>PBXBuildFile</string>
			<key>fileRef</key>
			<string>1DD70E29677AFAD600000000</string>
		</dict>
		<key>E7A30F04692FD37500000000</key>
		<dict>
			<key>isa</key>
			<string>PBXBuildFile</string>
			<key>fileRef</key>
			<string>1DD70E29692FD37500000000</string>
		</dict>
		<key>E7A30F0458CB748D00000000</key>
		<dict>
			<key>isa</key>
			<string>PBXBuildFile</string>
			<key>fileRef</key>
			<string>1DD70E2958CB748D00000000</string>
		</dict>
		<key>E7A30F042925AEA200000000</key>
		<dict>
			<key>isa</key>
			<string>PBXBuildFile</string>
			<key>fileRef</key>
			<string>1DD70E292925AEA200000000</string>
		</dict>
		<key>8A032D2C0000000000000000</key>
		<dict>
			<key>isa</key>
			<string>PBXResourcesBuildPhase</string>
			<key>files</key>
			<array>
				<string>E7A30F046366306000000000</string>
				<string>E7A30F0490D8BD5600000000</string>
				<string>E7A30F0446BB7CB100000000</string>
				<string>E7A30F04261176A400000000</string>
				<string>E7A30F048E96E34200000000</string>
				<string>E7A30F04677AFAD600000000</string>
				<string>E7A30F04692FD37500000000</string>
				<string>E7A30F0458CB748D00000000</string>
				<string>E7A30F042925AEA200000000</string>
			</array>
		</dict>
		<key>4952437303EDA63300000001</key>
		<dict>
			<key>isa</key>
			<string>XCBuildConfiguration</string>
			<key>name</key>
			<string>Debug</string>
			<key>buildSettings</key>
			<dict>
			</dict>
			<key>baseConfigurationReference</key>
			<string>1DD70E29DF20197900000000</string>
		</dict>
		<key>4952437350C7218900000001</key>
		<dict>
			<key>isa</key>
			<string>XCBuildConfiguration</string>
			<key>name</key>
			<string>Profile</string>
			<key>buildSettings</key>
			<dict>
			</dict>
			<key>baseConfigurationReference</key>
			<string>1DD70E297CA236A300000000</string>
		</dict>
		<key>49524373A439BFE700000001</key>
		<dict>
			<key>isa</key>
			<string>XCBuildConfiguration</string>
			<key>name</key>
			<string>Release</string>
			<key>buildSettings</key>
			<dict>
			</dict>
			<key>baseConfigurationReference</key>
			<string>1DD70E29F038E20500000000</string>
		</dict>
		<key>218C37090000000000000001</key>
		<dict>
			<key>isa</key>
			<string>XCConfigurationList</string>
			<key>buildConfigurations</key>
			<array>
				<string>4952437303EDA63300000001</string>
				<string>4952437350C7218900000001</string>
				<string>49524373A439BFE700000001</string>
			</array>
			<key>defaultConfigurationIsVisible</key>
			<false/>
		</dict>
		<key>E66DC04E1B8CAFBC00000000</key>
		<dict>
			<key>isa</key>
			<string>PBXNativeTarget</string>
			<key>name</key>
			<string>Origami</string>
			<key>productName</key>
			<string>Origami</string>
			<key>productReference</key>
			<string>1DD70E29220CD4EF00000000</string>
			<key>productType</key>
			<string>com.apple.product-type.application</string>
			<key>dependencies</key>
			<array>
			</array>
			<key>buildPhases</key>
			<array>
				<string>1870857F0000000000000001</string>
				<string>4F426D880000000000000000</string>
				<string>8A032D2C0000000000000000</string>
			</array>
			<key>buildConfigurationList</key>
			<string>218C37090000000000000001</string>
		</dict>
		<key>4952437303EDA63300000002</key>
		<dict>
			<key>isa</key>
			<string>XCBuildConfiguration</string>
			<key>name</key>
			<string>Debug</string>
			<key>buildSettings</key>
			<dict>
			</dict>
		</dict>
		<key>4952437350C7218900000002</key>
		<dict>
			<key>isa</key>
			<string>XCBuildConfiguration</string>
			<key>name</key>
			<string>Profile</string>
			<key>buildSettings</key>
			<dict>
			</dict>
		</dict>
		<key>49524373A439BFE700000002</key>
		<dict>
			<key>isa</key>
			<string>XCBuildConfiguration</string>
			<key>name</key>
			<string>Release</string>
			<key>buildSettings</key>
			<dict>
			</dict>
		</dict>
		<key>218C37090000000000000002</key>
		<dict>
			<key>isa</key>
			<string>XCConfigurationList</string>
			<key>buildConfigurations</key>
			<array>
				<string>4952437303EDA63300000002</string>
				<string>4952437350C7218900000002</string>
				<string>49524373A439BFE700000002</string>
			</array>
			<key>defaultConfigurationIsVisible</key>
			<false/>
		</dict>
		<key>96C84793F28100AD00000000</key>
		<dict>
			<key>isa</key>
			<string>PBXProject</string>
			<key>mainGroup</key>
			<string>B401C979EFB6AC4600000000</string>
			<key>targets</key>
			<array>
				<string>E66DC04EDE1BBD1300000000</string>
				<string>E66DC04E1B8CAFBC00000000</string>
			</array>
			<key>buildConfigurationList</key>
			<string>218C37090000000000000002</string>
			<key>compatibilityVersion</key>
			<string>Xcode 3.2</string>
			<key>attributes</key>
			<dict>
				<key>LastUpgradeCheck</key>
				<string>9999</string>
			</dict>
		</dict>
	</dict>
	<key>rootObject</key>
	<string>96C84793F28100AD00000000</string>
</dict>
</plist>